// !$*UTF8*$!
{
	archiveVersion = 1;
	classes = {
	};
	objectVersion = 46;
	objects = {

/* Begin PBXBuildFile section */
		4908FD101E52FA3800CDC700 /* AppDelegate.swift in Sources */ = {isa = PBXBuildFile; fileRef = 4908FD0F1E52FA3800CDC700 /* AppDelegate.swift */; };
		4908FD121E52FA3800CDC700 /* ProductListViewController.swift in Sources */ = {isa = PBXBuildFile; fileRef = 4908FD111E52FA3800CDC700 /* ProductListViewController.swift */; };
		4908FD151E52FA3800CDC700 /* Main.storyboard in Resources */ = {isa = PBXBuildFile; fileRef = 4908FD131E52FA3800CDC700 /* Main.storyboard */; };
		4908FD171E52FA3800CDC700 /* Assets.xcassets in Resources */ = {isa = PBXBuildFile; fileRef = 4908FD161E52FA3800CDC700 /* Assets.xcassets */; };
		4908FD1A1E52FA3800CDC700 /* LaunchScreen.storyboard in Resources */ = {isa = PBXBuildFile; fileRef = 4908FD181E52FA3800CDC700 /* LaunchScreen.storyboard */; };
		4908FD251E52FA3800CDC700 /* JLDishwashersTests.swift in Sources */ = {isa = PBXBuildFile; fileRef = 4908FD241E52FA3800CDC700 /* JLDishwashersTests.swift */; };
		4908FD301E52FD7000CDC700 /* NetworkManager.swift in Sources */ = {isa = PBXBuildFile; fileRef = 4908FD2F1E52FD7000CDC700 /* NetworkManager.swift */; };
		4908FD331E52FD8C00CDC700 /* HTTPClient.swift in Sources */ = {isa = PBXBuildFile; fileRef = 4908FD321E52FD8C00CDC700 /* HTTPClient.swift */; };
		4908FD351E52FE3300CDC700 /* HTTPClient+JSONTests.swift in Sources */ = {isa = PBXBuildFile; fileRef = 4908FD341E52FE3300CDC700 /* HTTPClient+JSONTests.swift */; };
		4908FD371E53031300CDC700 /* Service.swift in Sources */ = {isa = PBXBuildFile; fileRef = 4908FD361E53031300CDC700 /* Service.swift */; };
		4908FD391E53032600CDC700 /* ProductListService.swift in Sources */ = {isa = PBXBuildFile; fileRef = 4908FD381E53032600CDC700 /* ProductListService.swift */; };
		4908FD3B1E53033F00CDC700 /* ServiceConfiguration.swift in Sources */ = {isa = PBXBuildFile; fileRef = 4908FD3A1E53033F00CDC700 /* ServiceConfiguration.swift */; };
		4908FD3E1E53037600CDC700 /* ProductListServiceTests.swift in Sources */ = {isa = PBXBuildFile; fileRef = 4908FD3D1E53037600CDC700 /* ProductListServiceTests.swift */; };
		4908FD401E53040700CDC700 /* MockURLSession.swift in Sources */ = {isa = PBXBuildFile; fileRef = 4908FD3F1E53040700CDC700 /* MockURLSession.swift */; };
		4908FD431E53091900CDC700 /* JSONParsable.swift in Sources */ = {isa = PBXBuildFile; fileRef = 4908FD421E53091900CDC700 /* JSONParsable.swift */; };
		4908FD451E53093100CDC700 /* JSONParsableTests.swift in Sources */ = {isa = PBXBuildFile; fileRef = 4908FD441E53093100CDC700 /* JSONParsableTests.swift */; };
		4908FD481E530AFD00CDC700 /* ProductTests.swift in Sources */ = {isa = PBXBuildFile; fileRef = 4908FD471E530AFD00CDC700 /* ProductTests.swift */; };
		4908FD4A1E530B1F00CDC700 /* Product.swift in Sources */ = {isa = PBXBuildFile; fileRef = 4908FD491E530B1F00CDC700 /* Product.swift */; };
		4908FD4C1E530B7000CDC700 /* Product.json in Resources */ = {isa = PBXBuildFile; fileRef = 4908FD4B1E530B7000CDC700 /* Product.json */; };
		4908FD4E1E530B7800CDC700 /* Product_no_productId.json in Resources */ = {isa = PBXBuildFile; fileRef = 4908FD4D1E530B7800CDC700 /* Product_no_productId.json */; };
		4908FD501E530B9900CDC700 /* JSONStubber.swift in Sources */ = {isa = PBXBuildFile; fileRef = 4908FD4F1E530B9900CDC700 /* JSONStubber.swift */; };
		4908FD531E53151F00CDC700 /* ProductList_search.json in Resources */ = {isa = PBXBuildFile; fileRef = 4908FD521E53151F00CDC700 /* ProductList_search.json */; };
		4908FD551E5315FD00CDC700 /* PriceTests.swift in Sources */ = {isa = PBXBuildFile; fileRef = 4908FD541E5315FD00CDC700 /* PriceTests.swift */; };
		4908FD571E53161200CDC700 /* Price.swift in Sources */ = {isa = PBXBuildFile; fileRef = 4908FD561E53161200CDC700 /* Price.swift */; };
		4908FD5B1E53169000CDC700 /* Price.json in Resources */ = {isa = PBXBuildFile; fileRef = 4908FD581E53169000CDC700 /* Price.json */; };
		4908FD5C1E53169000CDC700 /* Price_no_currency.json in Resources */ = {isa = PBXBuildFile; fileRef = 4908FD591E53169000CDC700 /* Price_no_currency.json */; };
		4908FD5D1E53169000CDC700 /* Price_no_now.json in Resources */ = {isa = PBXBuildFile; fileRef = 4908FD5A1E53169000CDC700 /* Price_no_now.json */; };
		4908FD5F1E531FE100CDC700 /* ProductListCollectionViewDataSource.swift in Sources */ = {isa = PBXBuildFile; fileRef = 4908FD5E1E531FE100CDC700 /* ProductListCollectionViewDataSource.swift */; };
		4908FD611E53223800CDC700 /* Logger.swift in Sources */ = {isa = PBXBuildFile; fileRef = 4908FD601E53223800CDC700 /* Logger.swift */; };
		4908FD641E532AB800CDC700 /* ProductListCollectionViewCell.xib in Resources */ = {isa = PBXBuildFile; fileRef = 4908FD631E532AB800CDC700 /* ProductListCollectionViewCell.xib */; };
		4908FD661E532AC600CDC700 /* ProductListCollectionViewCell.swift in Sources */ = {isa = PBXBuildFile; fileRef = 4908FD651E532AC600CDC700 /* ProductListCollectionViewCell.swift */; };
		4908FD691E532C3100CDC700 /* UICollectionView+Reusable.swift in Sources */ = {isa = PBXBuildFile; fileRef = 4908FD681E532C3100CDC700 /* UICollectionView+Reusable.swift */; };
		4908FD731E5333E600CDC700 /* XCTest+Bundle.swift in Sources */ = {isa = PBXBuildFile; fileRef = 4908FD721E5333E600CDC700 /* XCTest+Bundle.swift */; };
		4908FD751E5364F500CDC700 /* HTTPClient+JSON.swift in Sources */ = {isa = PBXBuildFile; fileRef = 4908FD741E5364F500CDC700 /* HTTPClient+JSON.swift */; };
/* End PBXBuildFile section */

/* Begin PBXContainerItemProxy section */
		4908FD211E52FA3800CDC700 /* PBXContainerItemProxy */ = {
			isa = PBXContainerItemProxy;
			containerPortal = 4908FD041E52FA3800CDC700 /* Project object */;
			proxyType = 1;
			remoteGlobalIDString = 4908FD0B1E52FA3800CDC700;
			remoteInfo = JLDishwashers;
		};
/* End PBXContainerItemProxy section */

/* Begin PBXFileReference section */
		4908FD0C1E52FA3800CDC700 /* JLDishwashers.app */ = {isa = PBXFileReference; explicitFileType = wrapper.application; includeInIndex = 0; path = JLDishwashers.app; sourceTree = BUILT_PRODUCTS_DIR; };
		4908FD0F1E52FA3800CDC700 /* AppDelegate.swift */ = {isa = PBXFileReference; lastKnownFileType = sourcecode.swift; path = AppDelegate.swift; sourceTree = "<group>"; };
		4908FD111E52FA3800CDC700 /* ProductListViewController.swift */ = {isa = PBXFileReference; lastKnownFileType = sourcecode.swift; path = ProductListViewController.swift; sourceTree = "<group>"; };
		4908FD141E52FA3800CDC700 /* Base */ = {isa = PBXFileReference; lastKnownFileType = file.storyboard; name = Base; path = Base.lproj/Main.storyboard; sourceTree = "<group>"; };
		4908FD161E52FA3800CDC700 /* Assets.xcassets */ = {isa = PBXFileReference; lastKnownFileType = folder.assetcatalog; path = Assets.xcassets; sourceTree = "<group>"; };
		4908FD191E52FA3800CDC700 /* Base */ = {isa = PBXFileReference; lastKnownFileType = file.storyboard; name = Base; path = Base.lproj/LaunchScreen.storyboard; sourceTree = "<group>"; };
		4908FD1B1E52FA3800CDC700 /* Info.plist */ = {isa = PBXFileReference; lastKnownFileType = text.plist.xml; path = Info.plist; sourceTree = "<group>"; };
		4908FD201E52FA3800CDC700 /* JLDishwashersTests.xctest */ = {isa = PBXFileReference; explicitFileType = wrapper.cfbundle; includeInIndex = 0; path = JLDishwashersTests.xctest; sourceTree = BUILT_PRODUCTS_DIR; };
		4908FD241E52FA3800CDC700 /* JLDishwashersTests.swift */ = {isa = PBXFileReference; lastKnownFileType = sourcecode.swift; path = JLDishwashersTests.swift; sourceTree = "<group>"; };
		4908FD261E52FA3800CDC700 /* Info.plist */ = {isa = PBXFileReference; lastKnownFileType = text.plist.xml; path = Info.plist; sourceTree = "<group>"; };
		4908FD2F1E52FD7000CDC700 /* NetworkManager.swift */ = {isa = PBXFileReference; fileEncoding = 4; lastKnownFileType = sourcecode.swift; path = NetworkManager.swift; sourceTree = "<group>"; };
		4908FD321E52FD8C00CDC700 /* HTTPClient.swift */ = {isa = PBXFileReference; fileEncoding = 4; lastKnownFileType = sourcecode.swift; path = HTTPClient.swift; sourceTree = "<group>"; };
		4908FD341E52FE3300CDC700 /* HTTPClient+JSONTests.swift */ = {isa = PBXFileReference; fileEncoding = 4; lastKnownFileType = sourcecode.swift; path = "HTTPClient+JSONTests.swift"; sourceTree = "<group>"; };
		4908FD361E53031300CDC700 /* Service.swift */ = {isa = PBXFileReference; fileEncoding = 4; lastKnownFileType = sourcecode.swift; path = Service.swift; sourceTree = "<group>"; };
		4908FD381E53032600CDC700 /* ProductListService.swift */ = {isa = PBXFileReference; fileEncoding = 4; lastKnownFileType = sourcecode.swift; path = ProductListService.swift; sourceTree = "<group>"; };
		4908FD3A1E53033F00CDC700 /* ServiceConfiguration.swift */ = {isa = PBXFileReference; fileEncoding = 4; lastKnownFileType = sourcecode.swift; path = ServiceConfiguration.swift; sourceTree = "<group>"; };
		4908FD3D1E53037600CDC700 /* ProductListServiceTests.swift */ = {isa = PBXFileReference; fileEncoding = 4; lastKnownFileType = sourcecode.swift; path = ProductListServiceTests.swift; sourceTree = "<group>"; };
		4908FD3F1E53040700CDC700 /* MockURLSession.swift */ = {isa = PBXFileReference; fileEncoding = 4; lastKnownFileType = sourcecode.swift; path = MockURLSession.swift; sourceTree = "<group>"; };
		4908FD421E53091900CDC700 /* JSONParsable.swift */ = {isa = PBXFileReference; fileEncoding = 4; lastKnownFileType = sourcecode.swift; path = JSONParsable.swift; sourceTree = "<group>"; };
		4908FD441E53093100CDC700 /* JSONParsableTests.swift */ = {isa = PBXFileReference; fileEncoding = 4; lastKnownFileType = sourcecode.swift; path = JSONParsableTests.swift; sourceTree = "<group>"; };
		4908FD471E530AFD00CDC700 /* ProductTests.swift */ = {isa = PBXFileReference; fileEncoding = 4; lastKnownFileType = sourcecode.swift; path = ProductTests.swift; sourceTree = "<group>"; };
		4908FD491E530B1F00CDC700 /* Product.swift */ = {isa = PBXFileReference; fileEncoding = 4; lastKnownFileType = sourcecode.swift; path = Product.swift; sourceTree = "<group>"; };
		4908FD4B1E530B7000CDC700 /* Product.json */ = {isa = PBXFileReference; fileEncoding = 4; lastKnownFileType = text.json; path = Product.json; sourceTree = "<group>"; };
		4908FD4D1E530B7800CDC700 /* Product_no_productId.json */ = {isa = PBXFileReference; fileEncoding = 4; lastKnownFileType = text.json; path = Product_no_productId.json; sourceTree = "<group>"; };
		4908FD4F1E530B9900CDC700 /* JSONStubber.swift */ = {isa = PBXFileReference; fileEncoding = 4; lastKnownFileType = sourcecode.swift; path = JSONStubber.swift; sourceTree = "<group>"; };
		4908FD521E53151F00CDC700 /* ProductList_search.json */ = {isa = PBXFileReference; fileEncoding = 4; lastKnownFileType = text.json; path = ProductList_search.json; sourceTree = "<group>"; };
		4908FD541E5315FD00CDC700 /* PriceTests.swift */ = {isa = PBXFileReference; fileEncoding = 4; lastKnownFileType = sourcecode.swift; path = PriceTests.swift; sourceTree = "<group>"; };
		4908FD561E53161200CDC700 /* Price.swift */ = {isa = PBXFileReference; fileEncoding = 4; lastKnownFileType = sourcecode.swift; path = Price.swift; sourceTree = "<group>"; };
		4908FD581E53169000CDC700 /* Price.json */ = {isa = PBXFileReference; fileEncoding = 4; lastKnownFileType = text.json; path = Price.json; sourceTree = "<group>"; };
		4908FD591E53169000CDC700 /* Price_no_currency.json */ = {isa = PBXFileReference; fileEncoding = 4; lastKnownFileType = text.json; path = Price_no_currency.json; sourceTree = "<group>"; };
		4908FD5A1E53169000CDC700 /* Price_no_now.json */ = {isa = PBXFileReference; fileEncoding = 4; lastKnownFileType = text.json; path = Price_no_now.json; sourceTree = "<group>"; };
		4908FD5E1E531FE100CDC700 /* ProductListCollectionViewDataSource.swift */ = {isa = PBXFileReference; fileEncoding = 4; lastKnownFileType = sourcecode.swift; path = ProductListCollectionViewDataSource.swift; sourceTree = "<group>"; };
		4908FD601E53223800CDC700 /* Logger.swift */ = {isa = PBXFileReference; fileEncoding = 4; lastKnownFileType = sourcecode.swift; path = Logger.swift; sourceTree = "<group>"; };
		4908FD631E532AB800CDC700 /* ProductListCollectionViewCell.xib */ = {isa = PBXFileReference; fileEncoding = 4; lastKnownFileType = file.xib; path = ProductListCollectionViewCell.xib; sourceTree = "<group>"; };
		4908FD651E532AC600CDC700 /* ProductListCollectionViewCell.swift */ = {isa = PBXFileReference; fileEncoding = 4; lastKnownFileType = sourcecode.swift; path = ProductListCollectionViewCell.swift; sourceTree = "<group>"; };
		4908FD681E532C3100CDC700 /* UICollectionView+Reusable.swift */ = {isa = PBXFileReference; fileEncoding = 4; lastKnownFileType = sourcecode.swift; path = "UICollectionView+Reusable.swift"; sourceTree = "<group>"; };
		4908FD721E5333E600CDC700 /* XCTest+Bundle.swift */ = {isa = PBXFileReference; fileEncoding = 4; lastKnownFileType = sourcecode.swift; path = "XCTest+Bundle.swift"; sourceTree = "<group>"; };
		4908FD741E5364F500CDC700 /* HTTPClient+JSON.swift */ = {isa = PBXFileReference; fileEncoding = 4; lastKnownFileType = sourcecode.swift; path = "HTTPClient+JSON.swift"; sourceTree = "<group>"; };
/* End PBXFileReference section */

/* Begin PBXFrameworksBuildPhase section */
		4908FD091E52FA3800CDC700 /* Frameworks */ = {
			isa = PBXFrameworksBuildPhase;
			buildActionMask = 2147483647;
			files = (
			);
			runOnlyForDeploymentPostprocessing = 0;
		};
		4908FD1D1E52FA3800CDC700 /* Frameworks */ = {
			isa = PBXFrameworksBuildPhase;
			buildActionMask = 2147483647;
			files = (
			);
			runOnlyForDeploymentPostprocessing = 0;
		};
/* End PBXFrameworksBuildPhase section */

/* Begin PBXGroup section */
		4908FD031E52FA3800CDC700 = {
			isa = PBXGroup;
			children = (
				4908FD0E1E52FA3800CDC700 /* JLDishwashers */,
				4908FD231E52FA3800CDC700 /* JLDishwashersTests */,
				4908FD0D1E52FA3800CDC700 /* Products */,
			);
			sourceTree = "<group>";
		};
		4908FD0D1E52FA3800CDC700 /* Products */ = {
			isa = PBXGroup;
			children = (
				4908FD0C1E52FA3800CDC700 /* JLDishwashers.app */,
				4908FD201E52FA3800CDC700 /* JLDishwashersTests.xctest */,
			);
			name = Products;
			sourceTree = "<group>";
		};
		4908FD0E1E52FA3800CDC700 /* JLDishwashers */ = {
			isa = PBXGroup;
			children = (
				4908FD0F1E52FA3800CDC700 /* AppDelegate.swift */,
				4908FD111E52FA3800CDC700 /* ProductListViewController.swift */,
				4908FD5E1E531FE100CDC700 /* ProductListCollectionViewDataSource.swift */,
				4908FD671E532ADD00CDC700 /* Views */,
				4908FD461E53098D00CDC700 /* Models */,
				4908FD311E52FD7500CDC700 /* Network */,
				4908FD711E53303900CDC700 /* Extensions */,
				4908FD621E53226800CDC700 /* Utils */,
				4908FD131E52FA3800CDC700 /* Main.storyboard */,
				4908FD161E52FA3800CDC700 /* Assets.xcassets */,
				4908FD181E52FA3800CDC700 /* LaunchScreen.storyboard */,
				4908FD1B1E52FA3800CDC700 /* Info.plist */,
			);
			path = JLDishwashers;
			sourceTree = "<group>";
		};
		4908FD231E52FA3800CDC700 /* JLDishwashersTests */ = {
			isa = PBXGroup;
			children = (
				4908FD241E52FA3800CDC700 /* JLDishwashersTests.swift */,
				4908FD341E52FE3300CDC700 /* HTTPClient+JSONTests.swift */,
				4908FD3D1E53037600CDC700 /* ProductListServiceTests.swift */,
				4908FD441E53093100CDC700 /* JSONParsableTests.swift */,
				4908FD471E530AFD00CDC700 /* ProductTests.swift */,
				4908FD541E5315FD00CDC700 /* PriceTests.swift */,
				4908FD721E5333E600CDC700 /* XCTest+Bundle.swift */,
				4908FD511E530BB000CDC700 /* Stubs */,
				4908FD411E53042A00CDC700 /* Mocks */,
				4908FD261E52FA3800CDC700 /* Info.plist */,
			);
			path = JLDishwashersTests;
			sourceTree = "<group>";
		};
		4908FD311E52FD7500CDC700 /* Network */ = {
			isa = PBXGroup;
			children = (
				4908FD2F1E52FD7000CDC700 /* NetworkManager.swift */,
				4908FD321E52FD8C00CDC700 /* HTTPClient.swift */,
				4908FD741E5364F500CDC700 /* HTTPClient+JSON.swift */,
				4908FD3C1E53035500CDC700 /* Services */,
			);
			name = Network;
			sourceTree = "<group>";
		};
		4908FD3C1E53035500CDC700 /* Services */ = {
			isa = PBXGroup;
			children = (
				4908FD361E53031300CDC700 /* Service.swift */,
				4908FD3A1E53033F00CDC700 /* ServiceConfiguration.swift */,
				4908FD381E53032600CDC700 /* ProductListService.swift */,
			);
			name = Services;
			sourceTree = "<group>";
		};
		4908FD411E53042A00CDC700 /* Mocks */ = {
			isa = PBXGroup;
			children = (
				4908FD3F1E53040700CDC700 /* MockURLSession.swift */,
			);
			name = Mocks;
			sourceTree = "<group>";
		};
		4908FD461E53098D00CDC700 /* Models */ = {
			isa = PBXGroup;
			children = (
				4908FD421E53091900CDC700 /* JSONParsable.swift */,
				4908FD491E530B1F00CDC700 /* Product.swift */,
				4908FD561E53161200CDC700 /* Price.swift */,
			);
			name = Models;
			sourceTree = "<group>";
		};
		4908FD511E530BB000CDC700 /* Stubs */ = {
			isa = PBXGroup;
			children = (
				4908FD4F1E530B9900CDC700 /* JSONStubber.swift */,
				4908FD4B1E530B7000CDC700 /* Product.json */,
				4908FD4D1E530B7800CDC700 /* Product_no_productId.json */,
				4908FD521E53151F00CDC700 /* ProductList_search.json */,
				4908FD581E53169000CDC700 /* Price.json */,
				4908FD591E53169000CDC700 /* Price_no_currency.json */,
				4908FD5A1E53169000CDC700 /* Price_no_now.json */,
			);
			name = Stubs;
			sourceTree = "<group>";
		};
		4908FD621E53226800CDC700 /* Utils */ = {
			isa = PBXGroup;
			children = (
				4908FD601E53223800CDC700 /* Logger.swift */,
			);
			name = Utils;
			sourceTree = "<group>";
		};
		4908FD671E532ADD00CDC700 /* Views */ = {
			isa = PBXGroup;
			children = (
				4908FD651E532AC600CDC700 /* ProductListCollectionViewCell.swift */,
				4908FD631E532AB800CDC700 /* ProductListCollectionViewCell.xib */,
			);
			name = Views;
			sourceTree = "<group>";
		};
		4908FD711E53303900CDC700 /* Extensions */ = {
			isa = PBXGroup;
			children = (
				4908FD681E532C3100CDC700 /* UICollectionView+Reusable.swift */,
			);
			name = Extensions;
			sourceTree = "<group>";
		};
/* End PBXGroup section */

/* Begin PBXNativeTarget section */
		4908FD0B1E52FA3800CDC700 /* JLDishwashers */ = {
			isa = PBXNativeTarget;
			buildConfigurationList = 4908FD291E52FA3800CDC700 /* Build configuration list for PBXNativeTarget "JLDishwashers" */;
			buildPhases = (
				4908FD081E52FA3800CDC700 /* Sources */,
				4908FD091E52FA3800CDC700 /* Frameworks */,
				4908FD0A1E52FA3800CDC700 /* Resources */,
			);
			buildRules = (
			);
			dependencies = (
			);
			name = JLDishwashers;
			productName = JLDishwashers;
			productReference = 4908FD0C1E52FA3800CDC700 /* JLDishwashers.app */;
			productType = "com.apple.product-type.application";
		};
		4908FD1F1E52FA3800CDC700 /* JLDishwashersTests */ = {
			isa = PBXNativeTarget;
			buildConfigurationList = 4908FD2C1E52FA3800CDC700 /* Build configuration list for PBXNativeTarget "JLDishwashersTests" */;
			buildPhases = (
				4908FD1C1E52FA3800CDC700 /* Sources */,
				4908FD1D1E52FA3800CDC700 /* Frameworks */,
				4908FD1E1E52FA3800CDC700 /* Resources */,
			);
			buildRules = (
			);
			dependencies = (
				4908FD221E52FA3800CDC700 /* PBXTargetDependency */,
			);
			name = JLDishwashersTests;
			productName = JLDishwashersTests;
			productReference = 4908FD201E52FA3800CDC700 /* JLDishwashersTests.xctest */;
			productType = "com.apple.product-type.bundle.unit-test";
		};
/* End PBXNativeTarget section */

/* Begin PBXProject section */
		4908FD041E52FA3800CDC700 /* Project object */ = {
			isa = PBXProject;
			attributes = {
				LastSwiftUpdateCheck = 0820;
				LastUpgradeCheck = 0820;
				ORGANIZATIONNAME = AppTown;
				TargetAttributes = {
					4908FD0B1E52FA3800CDC700 = {
						CreatedOnToolsVersion = 8.2.1;
						DevelopmentTeam = 55G8F5VZE7;
						ProvisioningStyle = Automatic;
					};
					4908FD1F1E52FA3800CDC700 = {
						CreatedOnToolsVersion = 8.2.1;
						DevelopmentTeam = 55G8F5VZE7;
						ProvisioningStyle = Automatic;
						TestTargetID = 4908FD0B1E52FA3800CDC700;
					};
				};
			};
			buildConfigurationList = 4908FD071E52FA3800CDC700 /* Build configuration list for PBXProject "JLDishwashers" */;
			compatibilityVersion = "Xcode 3.2";
			developmentRegion = English;
			hasScannedForEncodings = 0;
			knownRegions = (
				en,
				Base,
			);
			mainGroup = 4908FD031E52FA3800CDC700;
			productRefGroup = 4908FD0D1E52FA3800CDC700 /* Products */;
			projectDirPath = "";
			projectRoot = "";
			targets = (
				4908FD0B1E52FA3800CDC700 /* JLDishwashers */,
				4908FD1F1E52FA3800CDC700 /* JLDishwashersTests */,
			);
		};
/* End PBXProject section */

/* Begin PBXResourcesBuildPhase section */
		4908FD0A1E52FA3800CDC700 /* Resources */ = {
			isa = PBXResourcesBuildPhase;
			buildActionMask = 2147483647;
			files = (
				4908FD1A1E52FA3800CDC700 /* LaunchScreen.storyboard in Resources */,
				4908FD171E52FA3800CDC700 /* Assets.xcassets in Resources */,
				4908FD641E532AB800CDC700 /* ProductListCollectionViewCell.xib in Resources */,
				4908FD151E52FA3800CDC700 /* Main.storyboard in Resources */,
			);
			runOnlyForDeploymentPostprocessing = 0;
		};
		4908FD1E1E52FA3800CDC700 /* Resources */ = {
			isa = PBXResourcesBuildPhase;
			buildActionMask = 2147483647;
			files = (
				4908FD531E53151F00CDC700 /* ProductList_search.json in Resources */,
				4908FD5C1E53169000CDC700 /* Price_no_currency.json in Resources */,
				4908FD5B1E53169000CDC700 /* Price.json in Resources */,
				4908FD5D1E53169000CDC700 /* Price_no_now.json in Resources */,
				4908FD4C1E530B7000CDC700 /* Product.json in Resources */,
				4908FD4E1E530B7800CDC700 /* Product_no_productId.json in Resources */,
			);
			runOnlyForDeploymentPostprocessing = 0;
		};
/* End PBXResourcesBuildPhase section */

/* Begin PBXSourcesBuildPhase section */
		4908FD081E52FA3800CDC700 /* Sources */ = {
			isa = PBXSourcesBuildPhase;
			buildActionMask = 2147483647;
			files = (
				4908FD3B1E53033F00CDC700 /* ServiceConfiguration.swift in Sources */,
				4908FD431E53091900CDC700 /* JSONParsable.swift in Sources */,
				4908FD4A1E530B1F00CDC700 /* Product.swift in Sources */,
				4908FD571E53161200CDC700 /* Price.swift in Sources */,
				4908FD301E52FD7000CDC700 /* NetworkManager.swift in Sources */,
				4908FD691E532C3100CDC700 /* UICollectionView+Reusable.swift in Sources */,
				4908FD121E52FA3800CDC700 /* ProductListViewController.swift in Sources */,
				4908FD371E53031300CDC700 /* Service.swift in Sources */,
				4908FD611E53223800CDC700 /* Logger.swift in Sources */,
				4908FD391E53032600CDC700 /* ProductListService.swift in Sources */,
				4908FD331E52FD8C00CDC700 /* HTTPClient.swift in Sources */,
				4908FD661E532AC600CDC700 /* ProductListCollectionViewCell.swift in Sources */,
				4908FD751E5364F500CDC700 /* HTTPClient+JSON.swift in Sources */,
				4908FD101E52FA3800CDC700 /* AppDelegate.swift in Sources */,
				4908FD5F1E531FE100CDC700 /* ProductListCollectionViewDataSource.swift in Sources */,
			);
			runOnlyForDeploymentPostprocessing = 0;
		};
		4908FD1C1E52FA3800CDC700 /* Sources */ = {
			isa = PBXSourcesBuildPhase;
			buildActionMask = 2147483647;
			files = (
				4908FD451E53093100CDC700 /* JSONParsableTests.swift in Sources */,
				4908FD551E5315FD00CDC700 /* PriceTests.swift in Sources */,
				4908FD401E53040700CDC700 /* MockURLSession.swift in Sources */,
				4908FD731E5333E600CDC700 /* XCTest+Bundle.swift in Sources */,
				4908FD3E1E53037600CDC700 /* ProductListServiceTests.swift in Sources */,
				4908FD351E52FE3300CDC700 /* HTTPClient+JSONTests.swift in Sources */,
				4908FD251E52FA3800CDC700 /* JLDishwashersTests.swift in Sources */,
				4908FD501E530B9900CDC700 /* JSONStubber.swift in Sources */,
				4908FD481E530AFD00CDC700 /* ProductTests.swift in Sources */,
			);
			runOnlyForDeploymentPostprocessing = 0;
		};
/* End PBXSourcesBuildPhase section */

/* Begin PBXTargetDependency section */
		4908FD221E52FA3800CDC700 /* PBXTargetDependency */ = {
			isa = PBXTargetDependency;
			target = 4908FD0B1E52FA3800CDC700 /* JLDishwashers */;
			targetProxy = 4908FD211E52FA3800CDC700 /* PBXContainerItemProxy */;
		};
/* End PBXTargetDependency section */

/* Begin PBXVariantGroup section */
		4908FD131E52FA3800CDC700 /* Main.storyboard */ = {
			isa = PBXVariantGroup;
			children = (
				4908FD141E52FA3800CDC700 /* Base */,
			);
			name = Main.storyboard;
			sourceTree = "<group>";
		};
		4908FD181E52FA3800CDC700 /* LaunchScreen.storyboard */ = {
			isa = PBXVariantGroup;
			children = (
				4908FD191E52FA3800CDC700 /* Base */,
			);
			name = LaunchScreen.storyboard;
			sourceTree = "<group>";
		};
/* End PBXVariantGroup section */

/* Begin XCBuildConfiguration section */
		4908FD271E52FA3800CDC700 /* Debug */ = {
			isa = XCBuildConfiguration;
			buildSettings = {
				ALWAYS_SEARCH_USER_PATHS = NO;
				CLANG_ANALYZER_NONNULL = YES;
				CLANG_CXX_LANGUAGE_STANDARD = "gnu++0x";
				CLANG_CXX_LIBRARY = "libc++";
				CLANG_ENABLE_MODULES = YES;
				CLANG_ENABLE_OBJC_ARC = YES;
				CLANG_WARN_BOOL_CONVERSION = YES;
				CLANG_WARN_CONSTANT_CONVERSION = YES;
				CLANG_WARN_DIRECT_OBJC_ISA_USAGE = YES_ERROR;
				CLANG_WARN_DOCUMENTATION_COMMENTS = YES;
				CLANG_WARN_EMPTY_BODY = YES;
				CLANG_WARN_ENUM_CONVERSION = YES;
				CLANG_WARN_INFINITE_RECURSION = YES;
				CLANG_WARN_INT_CONVERSION = YES;
				CLANG_WARN_OBJC_ROOT_CLASS = YES_ERROR;
				CLANG_WARN_SUSPICIOUS_MOVE = YES;
				CLANG_WARN_UNREACHABLE_CODE = YES;
				CLANG_WARN__DUPLICATE_METHOD_MATCH = YES;
				"CODE_SIGN_IDENTITY[sdk=iphoneos*]" = "iPhone Developer";
				COPY_PHASE_STRIP = NO;
				DEBUG_INFORMATION_FORMAT = dwarf;
				ENABLE_STRICT_OBJC_MSGSEND = YES;
				ENABLE_TESTABILITY = YES;
				GCC_C_LANGUAGE_STANDARD = gnu99;
				GCC_DYNAMIC_NO_PIC = NO;
				GCC_NO_COMMON_BLOCKS = YES;
				GCC_OPTIMIZATION_LEVEL = 0;
				GCC_PREPROCESSOR_DEFINITIONS = (
					"DEBUG=1",
					"$(inherited)",
				);
				GCC_WARN_64_TO_32_BIT_CONVERSION = YES;
				GCC_WARN_ABOUT_RETURN_TYPE = YES_ERROR;
				GCC_WARN_UNDECLARED_SELECTOR = YES;
				GCC_WARN_UNINITIALIZED_AUTOS = YES_AGGRESSIVE;
				GCC_WARN_UNUSED_FUNCTION = YES;
				GCC_WARN_UNUSED_VARIABLE = YES;
				IPHONEOS_DEPLOYMENT_TARGET = 10.2;
				MTL_ENABLE_DEBUG_INFO = YES;
				ONLY_ACTIVE_ARCH = YES;
				SDKROOT = iphoneos;
				SWIFT_ACTIVE_COMPILATION_CONDITIONS = DEBUG;
				SWIFT_OPTIMIZATION_LEVEL = "-Onone";
				TARGETED_DEVICE_FAMILY = "1,2";
			};
			name = Debug;
		};
		4908FD281E52FA3800CDC700 /* Release */ = {
			isa = XCBuildConfiguration;
			buildSettings = {
				ALWAYS_SEARCH_USER_PATHS = NO;
				CLANG_ANALYZER_NONNULL = YES;
				CLANG_CXX_LANGUAGE_STANDARD = "gnu++0x";
				CLANG_CXX_LIBRARY = "libc++";
				CLANG_ENABLE_MODULES = YES;
				CLANG_ENABLE_OBJC_ARC = YES;
				CLANG_WARN_BOOL_CONVERSION = YES;
				CLANG_WARN_CONSTANT_CONVERSION = YES;
				CLANG_WARN_DIRECT_OBJC_ISA_USAGE = YES_ERROR;
				CLANG_WARN_DOCUMENTATION_COMMENTS = YES;
				CLANG_WARN_EMPTY_BODY = YES;
				CLANG_WARN_ENUM_CONVERSION = YES;
				CLANG_WARN_INFINITE_RECURSION = YES;
				CLANG_WARN_INT_CONVERSION = YES;
				CLANG_WARN_OBJC_ROOT_CLASS = YES_ERROR;
				CLANG_WARN_SUSPICIOUS_MOVE = YES;
				CLANG_WARN_UNREACHABLE_CODE = YES;
				CLANG_WARN__DUPLICATE_METHOD_MATCH = YES;
				"CODE_SIGN_IDENTITY[sdk=iphoneos*]" = "iPhone Developer";
				COPY_PHASE_STRIP = NO;
				DEBUG_INFORMATION_FORMAT = "dwarf-with-dsym";
				ENABLE_NS_ASSERTIONS = NO;
				ENABLE_STRICT_OBJC_MSGSEND = YES;
				GCC_C_LANGUAGE_STANDARD = gnu99;
				GCC_NO_COMMON_BLOCKS = YES;
				GCC_WARN_64_TO_32_BIT_CONVERSION = YES;
				GCC_WARN_ABOUT_RETURN_TYPE = YES_ERROR;
				GCC_WARN_UNDECLARED_SELECTOR = YES;
				GCC_WARN_UNINITIALIZED_AUTOS = YES_AGGRESSIVE;
				GCC_WARN_UNUSED_FUNCTION = YES;
				GCC_WARN_UNUSED_VARIABLE = YES;
				IPHONEOS_DEPLOYMENT_TARGET = 10.2;
				MTL_ENABLE_DEBUG_INFO = NO;
				SDKROOT = iphoneos;
				SWIFT_OPTIMIZATION_LEVEL = "-Owholemodule";
				TARGETED_DEVICE_FAMILY = "1,2";
				VALIDATE_PRODUCT = YES;
			};
			name = Release;
		};
		4908FD2A1E52FA3800CDC700 /* Debug */ = {
			isa = XCBuildConfiguration;
			buildSettings = {
				ASSETCATALOG_COMPILER_APPICON_NAME = AppIcon;
				DEVELOPMENT_TEAM = 55G8F5VZE7;
				INFOPLIST_FILE = JLDishwashers/Info.plist;
				LD_RUNPATH_SEARCH_PATHS = "$(inherited) @executable_path/Frameworks";
				PRODUCT_BUNDLE_IDENTIFIER = com.apptown.JLDishwashers;
				PRODUCT_NAME = "$(TARGET_NAME)";
				SWIFT_VERSION = 3.0;
			};
			name = Debug;
		};
		4908FD2B1E52FA3800CDC700 /* Release */ = {
			isa = XCBuildConfiguration;
			buildSettings = {
				ASSETCATALOG_COMPILER_APPICON_NAME = AppIcon;
				DEVELOPMENT_TEAM = 55G8F5VZE7;
				INFOPLIST_FILE = JLDishwashers/Info.plist;
				LD_RUNPATH_SEARCH_PATHS = "$(inherited) @executable_path/Frameworks";
				PRODUCT_BUNDLE_IDENTIFIER = com.apptown.JLDishwashers;
				PRODUCT_NAME = "$(TARGET_NAME)";
				SWIFT_VERSION = 3.0;
			};
			name = Release;
		};
		4908FD2D1E52FA3800CDC700 /* Debug */ = {
			isa = XCBuildConfiguration;
			buildSettings = {
				ALWAYS_EMBED_SWIFT_STANDARD_LIBRARIES = YES;
				BUNDLE_LOADER = "$(TEST_HOST)";
				DEVELOPMENT_TEAM = 55G8F5VZE7;
				INFOPLIST_FILE = JLDishwashersTests/Info.plist;
				LD_RUNPATH_SEARCH_PATHS = "$(inherited) @executable_path/Frameworks @loader_path/Frameworks";
				PRODUCT_BUNDLE_IDENTIFIER = com.apptown.JLDishwashersTests;
				PRODUCT_NAME = "$(TARGET_NAME)";
				SWIFT_VERSION = 3.0;
				TEST_HOST = "$(BUILT_PRODUCTS_DIR)/JLDishwashers.app/JLDishwashers";
			};
			name = Debug;
		};
		4908FD2E1E52FA3800CDC700 /* Release */ = {
			isa = XCBuildConfiguration;
			buildSettings = {
				ALWAYS_EMBED_SWIFT_STANDARD_LIBRARIES = YES;
				BUNDLE_LOADER = "$(TEST_HOST)";
				DEVELOPMENT_TEAM = 55G8F5VZE7;
				INFOPLIST_FILE = JLDishwashersTests/Info.plist;
				LD_RUNPATH_SEARCH_PATHS = "$(inherited) @executable_path/Frameworks @loader_path/Frameworks";
				PRODUCT_BUNDLE_IDENTIFIER = com.apptown.JLDishwashersTests;
				PRODUCT_NAME = "$(TARGET_NAME)";
				SWIFT_VERSION = 3.0;
				TEST_HOST = "$(BUILT_PRODUCTS_DIR)/JLDishwashers.app/JLDishwashers";
			};
			name = Release;
		};
/* End XCBuildConfiguration section */

/* Begin XCConfigurationList section */
		4908FD071E52FA3800CDC700 /* Build configuration list for PBXProject "JLDishwashers" */ = {
			isa = XCConfigurationList;
			buildConfigurations = (
				4908FD271E52FA3800CDC700 /* Debug */,
				4908FD281E52FA3800CDC700 /* Release */,
			);
			defaultConfigurationIsVisible = 0;
			defaultConfigurationName = Release;
		};
		4908FD291E52FA3800CDC700 /* Build configuration list for PBXNativeTarget "JLDishwashers" */ = {
			isa = XCConfigurationList;
			buildConfigurations = (
				4908FD2A1E52FA3800CDC700 /* Debug */,
				4908FD2B1E52FA3800CDC700 /* Release */,
			);
			defaultConfigurationIsVisible = 0;
		};
		4908FD2C1E52FA3800CDC700 /* Build configuration list for PBXNativeTarget "JLDishwashersTests" */ = {
			isa = XCConfigurationList;
			buildConfigurations = (
				4908FD2D1E52FA3800CDC700 /* Debug */,
				4908FD2E1E52FA3800CDC700 /* Release */,
			);
			defaultConfigurationIsVisible = 0;
		};
/* End XCConfigurationList section */
	};
	rootObject = 4908FD041E52FA3800CDC700 /* Project object */;
}
